<?xml version="1.0" encoding="utf-8"?>
<Project ToolsVersion="4.0" xmlns="http://schemas.microsoft.com/developer/msbuild/2003">
  <ItemGroup>
    <Filter Include="Source Files">
      <UniqueIdentifier>{4FC737F1-C7A5-4376-A066-2A32D752A2FF}</UniqueIdentifier>
      <Extensions>cpp;c;cc;cxx;def;odl;idl;hpj;bat;asm;asmx</Extensions>
    </Filter>
    <Filter Include="Header Files">
      <UniqueIdentifier>{93995380-89BD-4b04-88EB-625FBE52EBFB}</UniqueIdentifier>
      <Extensions>h;hh;hpp;hxx;hm;inl;inc;ipp;xsd</Extensions>
    </Filter>
    <Filter Include="Resource Files">
      <UniqueIdentifier>{67DA6AB6-F800-4c08-8B7A-83BB121AAD01}</UniqueIdentifier>
      <Extensions>rc;ico;cur;bmp;dlg;rc2;rct;bin;rgs;gif;jpg;jpeg;jpe;resx;tiff;tif;png;wav;mfcribbon-ms</Extensions>
    </Filter>
    <Filter Include="Source Files\emulation">
      <UniqueIdentifier>{73924b88-53f7-4072-b0ec-5432efe8a682}</UniqueIdentifier>
    </Filter>
    <Filter Include="Source Files\emulation\cpu">
      <UniqueIdentifier>{d9e80016-4585-4e23-9baf-9dd43b255f31}</UniqueIdentifier>
    </Filter>
    <Filter Include="Source Files\emulation\video">
      <UniqueIdentifier>{82d6b3c3-8dec-49c4-b811-a41fb84d3569}</UniqueIdentifier>
    </Filter>
    <Filter Include="Source Files\emulation\clock">
      <UniqueIdentifier>{f20e2b5f-7d0f-4db5-84f5-c4d846f7646e}</UniqueIdentifier>
    </Filter>
    <Filter Include="Source Files\emulation\bus">
      <UniqueIdentifier>{093095f2-bee9-45ec-a80a-aceec334eb53}</UniqueIdentifier>
    </Filter>
    <Filter Include="Source Files\emulation\bus\ram">
      <UniqueIdentifier>{0f4b8cac-79ed-46ee-80d3-0bf6110fb0d3}</UniqueIdentifier>
    </Filter>
    <Filter Include="Source Files\emulation\bus\rom">
      <UniqueIdentifier>{48a7edd7-2097-4bba-9717-38032e6c1df0}</UniqueIdentifier>
    </Filter>
    <Filter Include="Source Files\emulation\bus\debug">
      <UniqueIdentifier>{4712631f-f30d-4214-b057-d94ace0bb8a7}</UniqueIdentifier>
    </Filter>
    <Filter Include="Source Files\emulation\bus\rom\mappers">
      <UniqueIdentifier>{eed948e7-4f6a-4176-867e-2097e56ced0e}</UniqueIdentifier>
    </Filter>
    <Filter Include="Source Files\emulation\audio">
      <UniqueIdentifier>{bab6d04a-3d5b-415a-9809-2100737101b0}</UniqueIdentifier>
    </Filter>
    <Filter Include="Source Files\emulation\bus\cart">
      <UniqueIdentifier>{328fb934-cfb6-44fb-995e-2fb9f4ff2ab4}</UniqueIdentifier>
    </Filter>
    <Filter Include="Source Files\emulation\controller">
      <UniqueIdentifier>{1d64b183-47a4-4781-81ba-7f488e58e7e6}</UniqueIdentifier>
    </Filter>
    <Filter Include="Source Files\imgui">
      <UniqueIdentifier>{185a079d-e0b4-450c-ac05-d6cd65618109}</UniqueIdentifier>
    </Filter>
    <Filter Include="Source Files\imgui\backends">
      <UniqueIdentifier>{2efac999-0491-4eb7-ba7a-32a3f446bc50}</UniqueIdentifier>
    </Filter>
    <Filter Include="Source Files\imgui\backends\vulkan">
      <UniqueIdentifier>{dedb2310-1e13-47c1-bbd0-ce2b34cc9955}</UniqueIdentifier>
    </Filter>
    <Filter Include="Source Files\emulation\emulator">
      <UniqueIdentifier>{9b0ed31e-1723-48a0-b915-6585929bc900}</UniqueIdentifier>
    </Filter>
    <Filter Include="Source Files\emulation\denvergui">
      <UniqueIdentifier>{2f5a33a4-758e-4974-a63f-f2845756403c}</UniqueIdentifier>
    </Filter>
    <Filter Include="Source Files\emulation\imguifiledialog">
      <UniqueIdentifier>{4e9ec349-7f67-4ad5-a597-25673ccbe61e}</UniqueIdentifier>
    </Filter>
    <Filter Include="Source Files\emulation\imguifiledialog\dirent">
      <UniqueIdentifier>{7917e7b9-b0f2-4d0c-a4c5-58eec5abee04}</UniqueIdentifier>
    </Filter>
    <Filter Include="Source Files\emulation\imguifiledialog\stb">
      <UniqueIdentifier>{b1903931-d69c-430a-9bc4-444ef9216935}</UniqueIdentifier>
    </Filter>
    <Filter Include="Source Files\emulation\cpu\tools">
      <UniqueIdentifier>{92bc349d-392e-4996-9f6f-338321039e9f}</UniqueIdentifier>
    </Filter>
    <Filter Include="Source Files\emulation\package">
      <UniqueIdentifier>{75a1da77-654b-4e13-8d7e-799c3f78c0c9}</UniqueIdentifier>
    </Filter>
    <Filter Include="Source Files\emulation\audio\expansion">
      <UniqueIdentifier>{9f4a3c40-40f8-44a5-beba-5e470c501342}</UniqueIdentifier>
    </Filter>
    <Filter Include="Source Files\emulation\3rdparty">
      <UniqueIdentifier>{661e9f78-b93d-4e7e-8b30-98519790ed1a}</UniqueIdentifier>
    </Filter>
    <Filter Include="Source Files\emulation\3rdparty\hqx">
      <UniqueIdentifier>{eaecbc1a-9f09-45c3-bb1f-a574f9c3c2e7}</UniqueIdentifier>
    </Filter>
    <Filter Include="Source Files\emulation\video\postprocessing">
      <UniqueIdentifier>{06da0648-17e3-4fec-9bbc-68a7edeced6a}</UniqueIdentifier>
    </Filter>
    <Filter Include="Source Files\emulation\3rdparty\fm">
      <UniqueIdentifier>{8e720200-2548-4036-8b12-0927063af540}</UniqueIdentifier>
    </Filter>
    <Filter Include="Source Files\shaders">
      <UniqueIdentifier>{3c99ab6a-74f1-48ca-98ec-cbbafe5d1d5a}</UniqueIdentifier>
    </Filter>
  </ItemGroup>
  <ItemGroup>
    <ClInclude Include="audio\apu.h">
      <Filter>Source Files\emulation\audio</Filter>
    </ClInclude>
    <ClInclude Include="bus\rom\rom.h">
      <Filter>Source Files\emulation\bus\rom</Filter>
    </ClInclude>
    <ClInclude Include="bus\bus.h">
      <Filter>Source Files\emulation\bus</Filter>
    </ClInclude>
    <ClInclude Include="bus\debug\debug6k.h">
      <Filter>Source Files\emulation\bus\debug</Filter>
    </ClInclude>
    <ClInclude Include="bus\ram\mainram.h">
      <Filter>Source Files\emulation\bus\ram</Filter>
    </ClInclude>
    <ClInclude Include="bus\rom\mappers\mapper_001.h">
      <Filter>Source Files\emulation\bus\rom\mappers</Filter>
    </ClInclude>
    <ClInclude Include="bus\rom\mappers\mapper_002.h">
      <Filter>Source Files\emulation\bus\rom\mappers</Filter>
    </ClInclude>
    <ClInclude Include="clock\clock.h">
      <Filter>Source Files\emulation\clock</Filter>
    </ClInclude>
    <ClInclude Include="cpu\cpu2a03_fast.h">
      <Filter>Source Files\emulation\cpu</Filter>
    </ClInclude>
    <ClInclude Include="video\nesvideo.h">
      <Filter>Source Files\emulation\video</Filter>
    </ClInclude>
    <ClInclude Include="video\ppu.h">
      <Filter>Source Files\emulation\video</Filter>
    </ClInclude>
    <ClInclude Include="audio\audio.h">
      <Filter>Source Files\emulation\audio</Filter>
    </ClInclude>
    <ClInclude Include="bus\cart\cart.h">
      <Filter>Source Files\emulation\bus\cart</Filter>
    </ClInclude>
    <ClInclude Include="controller\joypad.h">
      <Filter>Source Files\emulation\controller</Filter>
    </ClInclude>
    <ClInclude Include="imgui\imconfig.h">
      <Filter>Source Files\imgui</Filter>
    </ClInclude>
    <ClInclude Include="imgui\imgui.h">
      <Filter>Source Files\imgui</Filter>
    </ClInclude>
    <ClInclude Include="imgui\imgui_internal.h">
      <Filter>Source Files\imgui</Filter>
    </ClInclude>
    <ClInclude Include="imgui\imstb_rectpack.h">
      <Filter>Source Files\imgui</Filter>
    </ClInclude>
    <ClInclude Include="imgui\imstb_textedit.h">
      <Filter>Source Files\imgui</Filter>
    </ClInclude>
    <ClInclude Include="imgui\imstb_truetype.h">
      <Filter>Source Files\imgui</Filter>
    </ClInclude>
    <ClInclude Include="imgui\backends\imgui_impl_opengl3.h">
      <Filter>Source Files\imgui\backends</Filter>
    </ClInclude>
    <ClInclude Include="imgui\backends\imgui_impl_opengl3_loader.h">
      <Filter>Source Files\imgui\backends</Filter>
    </ClInclude>
    <ClInclude Include="imgui\backends\imgui_impl_sdl2.h">
      <Filter>Source Files\imgui\backends</Filter>
    </ClInclude>
    <ClInclude Include="imgui\backends\imgui_impl_sdlrenderer2.h">
      <Filter>Source Files\imgui\backends</Filter>
    </ClInclude>
    <ClInclude Include="imgui\backends\imgui_impl_opengl2.h">
      <Filter>Source Files\imgui\backends</Filter>
    </ClInclude>
    <ClInclude Include="emulator\nes.h">
      <Filter>Source Files\emulation\emulator</Filter>
    </ClInclude>
    <ClInclude Include="denvergui\dengui_main.h">
      <Filter>Source Files\emulation\denvergui</Filter>
    </ClInclude>
    <ClInclude Include="imguifiledialog\ImGuiFileDialog.h">
      <Filter>Source Files\emulation\imguifiledialog</Filter>
    </ClInclude>
    <ClInclude Include="imguifiledialog\ImGuiFileDialogConfig.h">
      <Filter>Source Files\emulation\imguifiledialog</Filter>
    </ClInclude>
    <ClInclude Include="imguifiledialog\dirent\dirent.h">
      <Filter>Source Files\emulation\imguifiledialog\dirent</Filter>
    </ClInclude>
    <ClInclude Include="imguifiledialog\stb\stb_image.h">
      <Filter>Source Files\emulation\imguifiledialog\stb</Filter>
    </ClInclude>
    <ClInclude Include="imguifiledialog\stb\stb_image_resize.h">
      <Filter>Source Files\emulation\imguifiledialog\stb</Filter>
    </ClInclude>
    <ClInclude Include="cpu\tools\2a03_disasm.h">
      <Filter>Source Files\emulation\cpu\tools</Filter>
    </ClInclude>
    <ClInclude Include="package\2a03.h">
      <Filter>Source Files\emulation\package</Filter>
    </ClInclude>
    <ClInclude Include="emulator\denverlogo.h">
      <Filter>Source Files\emulation\emulator</Filter>
    </ClInclude>
    <ClInclude Include="bus\rom\mappers\mapper_003.h">
      <Filter>Source Files\emulation\bus\rom\mappers</Filter>
    </ClInclude>
    <ClInclude Include="bus\rom\mappers\mapper_004.h">
      <Filter>Source Files\emulation\bus\rom\mappers</Filter>
    </ClInclude>
    <ClInclude Include="denvergui\gui_debuggers.h">
      <Filter>Source Files\emulation\denvergui</Filter>
    </ClInclude>
    <ClInclude Include="video\debug_renderer.h">
      <Filter>Source Files\emulation\video</Filter>
    </ClInclude>
    <ClInclude Include="bus\rom\mappers\mapper_024026.h">
      <Filter>Source Files\emulation\bus\rom\mappers</Filter>
    </ClInclude>
    <ClInclude Include="audio\expansion\vrc6.h">
      <Filter>Source Files\emulation\audio\expansion</Filter>
    </ClInclude>
    <ClInclude Include="bus\rom\mappers\mapper_nsf.h">
      <Filter>Source Files\emulation\bus\rom\mappers</Filter>
    </ClInclude>
    <ClInclude Include="bus\rom\mappers\mapper_069.h">
      <Filter>Source Files\emulation\bus\rom\mappers</Filter>
    </ClInclude>
    <ClInclude Include="audio\expansion\sunsoft5b.h">
      <Filter>Source Files\emulation\audio\expansion</Filter>
    </ClInclude>
    <ClInclude Include="3rdparty\hqx\HQ2x.h">
      <Filter>Source Files\emulation\3rdparty\hqx</Filter>
    </ClInclude>
    <ClInclude Include="3rdparty\hqx\HQ3x.h">
      <Filter>Source Files\emulation\3rdparty\hqx</Filter>
    </ClInclude>
    <ClInclude Include="3rdparty\hqx\HQx.h">
      <Filter>Source Files\emulation\3rdparty\hqx</Filter>
    </ClInclude>
    <ClInclude Include="bus\rom\mappers\mapper_021-22-23-25.h">
      <Filter>Source Files\emulation\bus\rom\mappers</Filter>
    </ClInclude>
    <ClInclude Include="bus\rom\mappers\mapper_007.h">
      <Filter>Source Files\emulation\bus\rom\mappers</Filter>
    </ClInclude>
    <ClInclude Include="audio\expansion\namco163.h">
      <Filter>Source Files\emulation\audio\expansion</Filter>
    </ClInclude>
    <ClInclude Include="bus\rom\mappers\mapper_009.h">
      <Filter>Source Files\emulation\bus\rom\mappers</Filter>
    </ClInclude>
    <ClInclude Include="video\postprocessing\hqxpost.h">
      <Filter>Source Files\emulation\video\postprocessing</Filter>
    </ClInclude>
    <ClInclude Include="video\postprocessing\scanlines.h">
      <Filter>Source Files\emulation\video\postprocessing</Filter>
    </ClInclude>
    <ClInclude Include="3rdparty\fm\emu2413.h">
      <Filter>Source Files\emulation\3rdparty\fm</Filter>
    </ClInclude>
    <ClInclude Include="audio\expansion\vrc7.h">
      <Filter>Source Files\emulation\audio\expansion</Filter>
    </ClInclude>
    <ClInclude Include="bus\rom\mappers\mapper_085.h">
      <Filter>Source Files\emulation\bus\rom\mappers</Filter>
    </ClInclude>
    <ClInclude Include="bus\rom\mappers\mapper_019.h">
      <Filter>Source Files\emulation\bus\rom\mappers</Filter>
    </ClInclude>
    <ClInclude Include="bus\rom\mappers\mapper_071.h">
      <Filter>Source Files\emulation\bus\rom\mappers</Filter>
    </ClInclude>
    <ClInclude Include="emulator\simple-opengl-loader.h">
      <Filter>Source Files\emulation\emulator</Filter>
    </ClInclude>
  </ItemGroup>
  <ItemGroup>
    <ClCompile Include="DenverEMU.cpp">
      <Filter>Source Files</Filter>
    </ClCompile>
    <ClCompile Include="audio\apu.cpp">
      <Filter>Source Files\emulation\audio</Filter>
    </ClCompile>
    <ClCompile Include="bus\rom\rom.cpp">
      <Filter>Source Files\emulation\bus\rom</Filter>
    </ClCompile>
    <ClCompile Include="bus\bus.cpp">
      <Filter>Source Files\emulation\bus</Filter>
    </ClCompile>
    <ClCompile Include="bus\debug\debug6k.cpp">
      <Filter>Source Files\emulation\bus\debug</Filter>
    </ClCompile>
    <ClCompile Include="bus\ram\mainram.cpp">
      <Filter>Source Files\emulation\bus\ram</Filter>
    </ClCompile>
    <ClCompile Include="bus\rom\mappers\mapper_002.cpp">
      <Filter>Source Files\emulation\bus\rom\mappers</Filter>
    </ClCompile>
    <ClCompile Include="bus\rom\mappers\mapper_001.cpp">
      <Filter>Source Files\emulation\bus\rom\mappers</Filter>
    </ClCompile>
    <ClCompile Include="clock\clock.cpp">
      <Filter>Source Files\emulation\clock</Filter>
    </ClCompile>
    <ClCompile Include="cpu\cpu2a03_fast.cpp">
      <Filter>Source Files\emulation\cpu</Filter>
    </ClCompile>
    <ClCompile Include="video\ppu.cpp">
      <Filter>Source Files\emulation\video</Filter>
    </ClCompile>
    <ClCompile Include="video\nesvideo.cpp">
      <Filter>Source Files\emulation\video</Filter>
    </ClCompile>
    <ClCompile Include="audio\audio.cpp">
      <Filter>Source Files\emulation\audio</Filter>
    </ClCompile>
    <ClCompile Include="bus\cart\cart.cpp">
      <Filter>Source Files\emulation\bus\cart</Filter>
    </ClCompile>
    <ClCompile Include="controller\joypad.cpp">
      <Filter>Source Files\emulation\controller</Filter>
    </ClCompile>
    <ClCompile Include="imgui\imgui.cpp">
      <Filter>Source Files\imgui</Filter>
    </ClCompile>
    <ClCompile Include="imgui\imgui_demo.cpp">
      <Filter>Source Files\imgui</Filter>
    </ClCompile>
    <ClCompile Include="imgui\imgui_draw.cpp">
      <Filter>Source Files\imgui</Filter>
    </ClCompile>
    <ClCompile Include="imgui\imgui_tables.cpp">
      <Filter>Source Files\imgui</Filter>
    </ClCompile>
    <ClCompile Include="imgui\imgui_widgets.cpp">
      <Filter>Source Files\imgui</Filter>
    </ClCompile>
    <ClCompile Include="imgui\backends\imgui_impl_opengl3.cpp">
      <Filter>Source Files\imgui\backends</Filter>
    </ClCompile>
    <ClCompile Include="imgui\backends\imgui_impl_sdl2.cpp">
      <Filter>Source Files\imgui\backends</Filter>
    </ClCompile>
    <ClCompile Include="imgui\backends\imgui_impl_sdlrenderer2.cpp">
      <Filter>Source Files\imgui\backends</Filter>
    </ClCompile>
    <ClCompile Include="imgui\backends\imgui_impl_opengl2.cpp">
      <Filter>Source Files\imgui\backends</Filter>
    </ClCompile>
    <ClCompile Include="emulator\nes.cpp">
      <Filter>Source Files\emulation\emulator</Filter>
    </ClCompile>
    <ClCompile Include="denvergui\dengui_main.cpp">
      <Filter>Source Files\emulation\denvergui</Filter>
    </ClCompile>
    <ClCompile Include="imguifiledialog\ImGuiFileDialog.cpp">
      <Filter>Source Files\emulation\imguifiledialog</Filter>
    </ClCompile>
    <ClCompile Include="cpu\tools\2a03_disasm.cpp">
      <Filter>Source Files\emulation\cpu\tools</Filter>
    </ClCompile>
    <ClCompile Include="package\2a03.cpp">
      <Filter>Source Files\emulation\package</Filter>
    </ClCompile>
    <ClCompile Include="bus\rom\mappers\mapper_003.cpp">
      <Filter>Source Files\emulation\bus\rom\mappers</Filter>
    </ClCompile>
    <ClCompile Include="bus\rom\mappers\mapper_004.cpp">
      <Filter>Source Files\emulation\bus\rom\mappers</Filter>
    </ClCompile>
    <ClCompile Include="denvergui\gui_debuggers.cpp">
      <Filter>Source Files\emulation\denvergui</Filter>
    </ClCompile>
    <ClCompile Include="video\debug_renderer.cpp">
      <Filter>Source Files\emulation\video</Filter>
    </ClCompile>
    <ClCompile Include="bus\rom\mappers\mapper_024026.cpp">
      <Filter>Source Files\emulation\bus\rom\mappers</Filter>
    </ClCompile>
    <ClCompile Include="bus\rom\mappers\mapper_nsf.cpp">
      <Filter>Source Files\emulation\bus\rom\mappers</Filter>
    </ClCompile>
    <ClCompile Include="bus\rom\mappers\mapper_069.cpp">
      <Filter>Source Files\emulation\bus\rom\mappers</Filter>
    </ClCompile>
    <ClCompile Include="audio\expansion\sunsoft5b.cpp">
      <Filter>Source Files\emulation\audio\expansion</Filter>
    </ClCompile>
    <ClCompile Include="bus\rom\mappers\mapper_021-22-23-25.cpp">
      <Filter>Source Files\emulation\bus\rom\mappers</Filter>
    </ClCompile>
    <ClCompile Include="bus\rom\mappers\mapper_007.cpp">
      <Filter>Source Files\emulation\bus\rom\mappers</Filter>
    </ClCompile>
    <ClCompile Include="audio\expansion\namco163.cpp">
      <Filter>Source Files\emulation\audio\expansion</Filter>
    </ClCompile>
    <ClCompile Include="bus\rom\mappers\mapper_009.cpp">
      <Filter>Source Files\emulation\bus\rom\mappers</Filter>
    </ClCompile>
    <ClCompile Include="audio\expansion\vrc6.cpp">
      <Filter>Source Files\emulation\audio\expansion</Filter>
    </ClCompile>
    <ClCompile Include="video\postprocessing\hqxpost.cpp">
      <Filter>Source Files\emulation\video\postprocessing</Filter>
    </ClCompile>
    <ClCompile Include="video\postprocessing\scanlines.cpp">
      <Filter>Source Files\emulation\video\postprocessing</Filter>
    </ClCompile>
    <ClCompile Include="3rdparty\fm\emu2413.c">
      <Filter>Source Files\emulation\3rdparty\fm</Filter>
    </ClCompile>
    <ClCompile Include="audio\expansion\vrc7.cpp">
      <Filter>Source Files\emulation\audio\expansion</Filter>
    </ClCompile>
    <ClCompile Include="bus\rom\mappers\mapper_085.cpp">
      <Filter>Source Files\emulation\bus\rom\mappers</Filter>
    </ClCompile>
    <ClCompile Include="bus\rom\mappers\mapper_019.cpp">
      <Filter>Source Files\emulation\bus\rom\mappers</Filter>
    </ClCompile>
    <ClCompile Include="bus\rom\mappers\mapper_071.cpp">
      <Filter>Source Files\emulation\bus\rom\mappers</Filter>
    </ClCompile>
    <ClCompile Include="3rdparty\hqx\HQ2x.cpp">
      <Filter>Source Files\emulation\3rdparty\hqx</Filter>
    </ClCompile>
    <ClCompile Include="3rdparty\hqx\HQ3x.cpp">
      <Filter>Source Files\emulation\3rdparty\hqx</Filter>
    </ClCompile>
    <ClCompile Include="3rdparty\hqx\HQx.cpp">
      <Filter>Source Files\emulation\3rdparty\hqx</Filter>
    </ClCompile>
  </ItemGroup>
  <ItemGroup>
    <None Include="imgui\backends\vulkan\generate_spv.sh">
      <Filter>Source Files\imgui\backends\vulkan</Filter>
    </None>
    <None Include="imgui\backends\vulkan\glsl_shader.frag">
      <Filter>Source Files\imgui\backends\vulkan</Filter>
    </None>
    <None Include="imgui\backends\vulkan\glsl_shader.vert">
      <Filter>Source Files\imgui\backends\vulkan</Filter>
    </None>
    <None Include="shaders\tv.shader">
      <Filter>Source Files\shaders</Filter>
    </None>
    <None Include="shaders\tv2.shader">
      <Filter>Source Files\shaders</Filter>
    </None>
    <None Include="shaders\ascii.shader">
      <Filter>Source Files\shaders</Filter>
    </None>
    <None Include="shaders\pointsampling.shader">
      <Filter>Source Files\shaders</Filter>
    </None>
  </ItemGroup>
</Project>